
Microsoft Visual Studio Solution File, Format Version 12.00
# Visual Studio Version 16
VisualStudioVersion = 16.0.31729.503
MinimumVisualStudioVersion = 10.0.40219.1
Project("{FAE04EC0-301F-11D3-BF4B-00C04F79EFBC}") = "OnlineMobileRechargeSystem", "OnlineMobileRechargeSystem\OnlineMobileRechargeSystem.csproj", "{7BE5AEB6-7A34-4614-8944-31A9E7F42751}"
EndProject
Global
	GlobalSection(SolutionConfigurationPlatforms) = preSolution
		Debug|Any CPU = Debug|Any CPU
		Release|Any CPU = Release|Any CPU
	EndGlobalSection
	GlobalSection(ProjectConfigurationPlatforms) = postSolution
		{7BE5AEB6-7A34-4614-8944-31A9E7F42751}.Debug|Any CPU.ActiveCfg = Debug|Any CPU
		{7BE5AEB6-7A34-4614-8944-31A9E7F42751}.Debug|Any CPU.Build.0 = Debug|Any CPU
		{7BE5AEB6-7A34-4614-8944-31A9E7F42751}.Release|Any CPU.ActiveCfg = Release|Any CPU
		{7BE5AEB6-7A34-4614-8944-31A9E7F42751}.Release|Any CPU.Build.0 = Release|Any CPU
	EndGlobalSection
	GlobalSection(SolutionProperties) = preSolution
		HideSolutionNode = FALSE
	EndGlobalSection
	GlobalSection(ExtensibilityGlobals) = postSolution
		SolutionGuid = {504BF8BD-CBBA-4D50-A67C-75B67E02ECD7}
	EndGlobalSection
EndGlobal
